
Microsoft Visual Studio Solution File, Format Version 12.00
# Visual Studio Version 16
VisualStudioVersion = 16.0.30523.141
MinimumVisualStudioVersion = 10.0.40219.1
Project("{8BC9CEB8-8B4A-11D0-8D11-00A0C91BC942}") = "p1", "p1.vcxproj", "{CA69A821-B934-44D6-AD78-2A58B29E9170}"
EndProject
Global
	GlobalSection(SolutionConfigurationPlatforms) = preSolution
		Debug|x64 = Debug|x64
		Debug|x86 = Debug|x86
		Release|x64 = Release|x64
		Release|x86 = Release|x86
	EndGlobalSection
	GlobalSection(ProjectConfigurationPlatforms) = postSolution
		{CA69A821-B934-44D6-AD78-2A58B29E9170}.Debug|x64.ActiveCfg = Debug|x64
		{CA69A821-B934-44D6-AD78-2A58B29E9170}.Debug|x64.Build.0 = Debug|x64
		{CA69A821-B934-44D6-AD78-2A58B29E9170}.Debug|x86.ActiveCfg = Debug|Win32
		{CA69A821-B934-44D6-AD78-2A58B29E9170}.Debug|x86.Build.0 = Debug|Win32
		{CA69A821-B934-44D6-AD78-2A58B29E9170}.Release|x64.ActiveCfg = Release|x64
		{CA69A821-B934-44D6-AD78-2A58B29E9170}.Release|x64.Build.0 = Release|x64
		{CA69A821-B934-44D6-AD78-2A58B29E9170}.Release|x86.ActiveCfg = Release|Win32
		{CA69A821-B934-44D6-AD78-2A58B29E9170}.Release|x86.Build.0 = Release|Win32
	EndGlobalSection
	GlobalSection(SolutionProperties) = preSolution
		HideSolutionNode = FALSE
	EndGlobalSection
	GlobalSection(ExtensibilityGlobals) = postSolution
		SolutionGuid = {C446599A-2801-4E2A-8ADC-9EA6836CD645}
	EndGlobalSection
EndGlobal
